
Microsoft Visual Studio Solution File, Format Version 12.00
# Visual Studio 15
VisualStudioVersion = 15.0.26730.16
MinimumVisualStudioVersion = 10.0.40219.1
Project("{FAE04EC0-301F-11D3-BF4B-00C04F79EFBC}") = "WpfView", "WpfView\WpfView.csproj", "{E840106C-8060-4FAF-AAC8-F2AF08DB8DD7}"
EndProject
Project("{FAE04EC0-301F-11D3-BF4B-00C04F79EFBC}") = "SOM", "SOM\SOM.csproj", "{EEBA3665-CB30-471A-8D13-338C1A35439C}"
EndProject
Project("{FAE04EC0-301F-11D3-BF4B-00C04F79EFBC}") = "DataPreprocessing", "DataProcessing\DataPreprocessing.csproj", "{58FA531D-65B4-4351-BDBD-49E067EADB60}"
EndProject
Project("{FAE04EC0-301F-11D3-BF4B-00C04F79EFBC}") = "Visualisation", "SomVisualisation\Visualisation.csproj", "{056A61CE-F6FF-43EF-AD27-EFF65FE5099F}"
EndProject
Global
	GlobalSection(SolutionConfigurationPlatforms) = preSolution
		Debug|Any CPU = Debug|Any CPU
		Debug|x64 = Debug|x64
		Debug|x86 = Debug|x86
		Release|Any CPU = Release|Any CPU
		Release|x64 = Release|x64
		Release|x86 = Release|x86
	EndGlobalSection
	GlobalSection(ProjectConfigurationPlatforms) = postSolution
		{E840106C-8060-4FAF-AAC8-F2AF08DB8DD7}.Debug|Any CPU.ActiveCfg = Debug|Any CPU
		{E840106C-8060-4FAF-AAC8-F2AF08DB8DD7}.Debug|Any CPU.Build.0 = Debug|Any CPU
		{E840106C-8060-4FAF-AAC8-F2AF08DB8DD7}.Debug|x64.ActiveCfg = Debug|Any CPU
		{E840106C-8060-4FAF-AAC8-F2AF08DB8DD7}.Debug|x64.Build.0 = Debug|Any CPU
		{E840106C-8060-4FAF-AAC8-F2AF08DB8DD7}.Debug|x86.ActiveCfg = Debug|Any CPU
		{E840106C-8060-4FAF-AAC8-F2AF08DB8DD7}.Debug|x86.Build.0 = Debug|Any CPU
		{E840106C-8060-4FAF-AAC8-F2AF08DB8DD7}.Release|Any CPU.ActiveCfg = Release|Any CPU
		{E840106C-8060-4FAF-AAC8-F2AF08DB8DD7}.Release|Any CPU.Build.0 = Release|Any CPU
		{E840106C-8060-4FAF-AAC8-F2AF08DB8DD7}.Release|x64.ActiveCfg = Release|Any CPU
		{E840106C-8060-4FAF-AAC8-F2AF08DB8DD7}.Release|x64.Build.0 = Release|Any CPU
		{E840106C-8060-4FAF-AAC8-F2AF08DB8DD7}.Release|x86.ActiveCfg = Release|Any CPU
		{E840106C-8060-4FAF-AAC8-F2AF08DB8DD7}.Release|x86.Build.0 = Release|Any CPU
		{EEBA3665-CB30-471A-8D13-338C1A35439C}.Debug|Any CPU.ActiveCfg = Debug|Any CPU
		{EEBA3665-CB30-471A-8D13-338C1A35439C}.Debug|Any CPU.Build.0 = Debug|Any CPU
		{EEBA3665-CB30-471A-8D13-338C1A35439C}.Debug|x64.ActiveCfg = Debug|x64
		{EEBA3665-CB30-471A-8D13-338C1A35439C}.Debug|x64.Build.0 = Debug|x64
		{EEBA3665-CB30-471A-8D13-338C1A35439C}.Debug|x86.ActiveCfg = Debug|x86
		{EEBA3665-CB30-471A-8D13-338C1A35439C}.Debug|x86.Build.0 = Debug|x86
		{EEBA3665-CB30-471A-8D13-338C1A35439C}.Release|Any CPU.ActiveCfg = Release|Any CPU
		{EEBA3665-CB30-471A-8D13-338C1A35439C}.Release|Any CPU.Build.0 = Release|Any CPU
		{EEBA3665-CB30-471A-8D13-338C1A35439C}.Release|x64.ActiveCfg = Release|x64
		{EEBA3665-CB30-471A-8D13-338C1A35439C}.Release|x64.Build.0 = Release|x64
		{EEBA3665-CB30-471A-8D13-338C1A35439C}.Release|x86.ActiveCfg = Release|x86
		{EEBA3665-CB30-471A-8D13-338C1A35439C}.Release|x86.Build.0 = Release|x86
		{58FA531D-65B4-4351-BDBD-49E067EADB60}.Debug|Any CPU.ActiveCfg = Debug|Any CPU
		{58FA531D-65B4-4351-BDBD-49E067EADB60}.Debug|Any CPU.Build.0 = Debug|Any CPU
		{58FA531D-65B4-4351-BDBD-49E067EADB60}.Debug|x64.ActiveCfg = Debug|x64
		{58FA531D-65B4-4351-BDBD-49E067EADB60}.Debug|x64.Build.0 = Debug|x64
		{58FA531D-65B4-4351-BDBD-49E067EADB60}.Debug|x86.ActiveCfg = Debug|x86
		{58FA531D-65B4-4351-BDBD-49E067EADB60}.Debug|x86.Build.0 = Debug|x86
		{58FA531D-65B4-4351-BDBD-49E067EADB60}.Release|Any CPU.ActiveCfg = Release|Any CPU
		{58FA531D-65B4-4351-BDBD-49E067EADB60}.Release|Any CPU.Build.0 = Release|Any CPU
		{58FA531D-65B4-4351-BDBD-49E067EADB60}.Release|x64.ActiveCfg = Release|x64
		{58FA531D-65B4-4351-BDBD-49E067EADB60}.Release|x64.Build.0 = Release|x64
		{58FA531D-65B4-4351-BDBD-49E067EADB60}.Release|x86.ActiveCfg = Release|x86
		{58FA531D-65B4-4351-BDBD-49E067EADB60}.Release|x86.Build.0 = Release|x86
		{056A61CE-F6FF-43EF-AD27-EFF65FE5099F}.Debug|Any CPU.ActiveCfg = Debug|Any CPU
		{056A61CE-F6FF-43EF-AD27-EFF65FE5099F}.Debug|Any CPU.Build.0 = Debug|Any CPU
		{056A61CE-F6FF-43EF-AD27-EFF65FE5099F}.Debug|x64.ActiveCfg = Debug|Any CPU
		{056A61CE-F6FF-43EF-AD27-EFF65FE5099F}.Debug|x64.Build.0 = Debug|Any CPU
		{056A61CE-F6FF-43EF-AD27-EFF65FE5099F}.Debug|x86.ActiveCfg = Debug|Any CPU
		{056A61CE-F6FF-43EF-AD27-EFF65FE5099F}.Debug|x86.Build.0 = Debug|Any CPU
		{056A61CE-F6FF-43EF-AD27-EFF65FE5099F}.Release|Any CPU.ActiveCfg = Release|Any CPU
		{056A61CE-F6FF-43EF-AD27-EFF65FE5099F}.Release|Any CPU.Build.0 = Release|Any CPU
		{056A61CE-F6FF-43EF-AD27-EFF65FE5099F}.Release|x64.ActiveCfg = Release|Any CPU
		{056A61CE-F6FF-43EF-AD27-EFF65FE5099F}.Release|x64.Build.0 = Release|Any CPU
		{056A61CE-F6FF-43EF-AD27-EFF65FE5099F}.Release|x86.ActiveCfg = Release|Any CPU
		{056A61CE-F6FF-43EF-AD27-EFF65FE5099F}.Release|x86.Build.0 = Release|Any CPU
	EndGlobalSection
	GlobalSection(SolutionProperties) = preSolution
		HideSolutionNode = FALSE
	EndGlobalSection
	GlobalSection(ExtensibilityGlobals) = postSolution
		SolutionGuid = {7E84DC89-FE47-4AB2-BCD1-8701A2FD6DDF}
	EndGlobalSection
EndGlobal
